// !$*UTF8*$!
{
	archiveVersion = 1;
	classes = {
	};
	objectVersion = 56;
	objects = {

/* Begin PBXBuildFile section */
		3F15CF1B2A504EF9002DD849 /* MYLOG_iOSApp.swift in Sources */ = {isa = PBXBuildFile; fileRef = 3F15CF1A2A504EF9002DD849 /* MYLOG_iOSApp.swift */; };
		3F15CF1D2A504EF9002DD849 /* ContentView.swift in Sources */ = {isa = PBXBuildFile; fileRef = 3F15CF1C2A504EF9002DD849 /* ContentView.swift */; };
		3F15CF1F2A504EFA002DD849 /* Assets.xcassets in Resources */ = {isa = PBXBuildFile; fileRef = 3F15CF1E2A504EFA002DD849 /* Assets.xcassets */; };
		3F15CF222A504EFA002DD849 /* Preview Assets.xcassets in Resources */ = {isa = PBXBuildFile; fileRef = 3F15CF212A504EFA002DD849 /* Preview Assets.xcassets */; };
		3F3833F72A51B44500798059 /* Launch Screen.storyboard in Resources */ = {isa = PBXBuildFile; fileRef = 3F3833F62A51B44500798059 /* Launch Screen.storyboard */; };
		3F3834022A51B57F00798059 /* Home in Resources */ = {isa = PBXBuildFile; fileRef = 3F3833F92A51B57E00798059 /* Home */; };
		3F3834032A51B57F00798059 /* Chart in Resources */ = {isa = PBXBuildFile; fileRef = 3F3833FA2A51B57F00798059 /* Chart */; };
		3F3834042A51B57F00798059 /* Tag in Resources */ = {isa = PBXBuildFile; fileRef = 3F3833FB2A51B57F00798059 /* Tag */; };
		3F3834052A51B57F00798059 /* Interfaces in Resources */ = {isa = PBXBuildFile; fileRef = 3F3833FC2A51B57F00798059 /* Interfaces */; };
		3F3834062A51B57F00798059 /* SignIn in Resources */ = {isa = PBXBuildFile; fileRef = 3F3833FD2A51B57F00798059 /* SignIn */; };
		3F3834072A51B57F00798059 /* MyPage in Resources */ = {isa = PBXBuildFile; fileRef = 3F3833FE2A51B57F00798059 /* MyPage */; };
		3F3834082A51B57F00798059 /* NewDiary in Resources */ = {isa = PBXBuildFile; fileRef = 3F3833FF2A51B57F00798059 /* NewDiary */; };
		9BFCC9E9B4168DDF6576C23A /* Pods_MYLOG_iOS.framework in Frameworks */ = {isa = PBXBuildFile; fileRef = A6C13AC8298DB64AB58740A5 /* Pods_MYLOG_iOS.framework */; };
/* End PBXBuildFile section */

/* Begin PBXFileReference section */
		3F15CF172A504EF9002DD849 /* MYLOG_iOS.app */ = {isa = PBXFileReference; explicitFileType = wrapper.application; includeInIndex = 0; path = MYLOG_iOS.app; sourceTree = BUILT_PRODUCTS_DIR; };
		3F15CF1A2A504EF9002DD849 /* MYLOG_iOSApp.swift */ = {isa = PBXFileReference; lastKnownFileType = sourcecode.swift; path = MYLOG_iOSApp.swift; sourceTree = "<group>"; };
		3F15CF1C2A504EF9002DD849 /* ContentView.swift */ = {isa = PBXFileReference; lastKnownFileType = sourcecode.swift; path = ContentView.swift; sourceTree = "<group>"; };
		3F15CF1E2A504EFA002DD849 /* Assets.xcassets */ = {isa = PBXFileReference; lastKnownFileType = folder.assetcatalog; path = Assets.xcassets; sourceTree = "<group>"; };
		3F15CF212A504EFA002DD849 /* Preview Assets.xcassets */ = {isa = PBXFileReference; lastKnownFileType = folder.assetcatalog; path = "Preview Assets.xcassets"; sourceTree = "<group>"; };
		3F3833F62A51B44500798059 /* Launch Screen.storyboard */ = {isa = PBXFileReference; lastKnownFileType = file.storyboard; path = "Launch Screen.storyboard"; sourceTree = "<group>"; };
		3F3833F92A51B57E00798059 /* Home */ = {isa = PBXFileReference; lastKnownFileType = folder; name = Home; path = ../../../MYLOG/MYLOG/MYLOG/Home; sourceTree = "<group>"; };
		3F3833FA2A51B57F00798059 /* Chart */ = {isa = PBXFileReference; lastKnownFileType = folder; name = Chart; path = ../../../MYLOG/MYLOG/MYLOG/Chart; sourceTree = "<group>"; };
		3F3833FB2A51B57F00798059 /* Tag */ = {isa = PBXFileReference; lastKnownFileType = folder; name = Tag; path = ../../../MYLOG/MYLOG/MYLOG/Tag; sourceTree = "<group>"; };
		3F3833FC2A51B57F00798059 /* Interfaces */ = {isa = PBXFileReference; lastKnownFileType = folder; name = Interfaces; path = ../../../MYLOG/MYLOG/MYLOG/Interfaces; sourceTree = "<group>"; };
		3F3833FD2A51B57F00798059 /* SignIn */ = {isa = PBXFileReference; lastKnownFileType = folder; name = SignIn; path = ../../../MYLOG/MYLOG/MYLOG/SignIn; sourceTree = "<group>"; };
		3F3833FE2A51B57F00798059 /* MyPage */ = {isa = PBXFileReference; lastKnownFileType = folder; name = MyPage; path = ../../../MYLOG/MYLOG/MYLOG/MyPage; sourceTree = "<group>"; };
		3F3833FF2A51B57F00798059 /* NewDiary */ = {isa = PBXFileReference; lastKnownFileType = folder; name = NewDiary; path = ../../../MYLOG/MYLOG/MYLOG/NewDiary; sourceTree = "<group>"; };
		7E835344FE29CDBA9D207860 /* Pods-MYLOG_iOS.release.xcconfig */ = {isa = PBXFileReference; includeInIndex = 1; lastKnownFileType = text.xcconfig; name = "Pods-MYLOG_iOS.release.xcconfig"; path = "Target Support Files/Pods-MYLOG_iOS/Pods-MYLOG_iOS.release.xcconfig"; sourceTree = "<group>"; };
		9E8D2399419F621AA4114271 /* Pods-MYLOG_iOS.debug.xcconfig */ = {isa = PBXFileReference; includeInIndex = 1; lastKnownFileType = text.xcconfig; name = "Pods-MYLOG_iOS.debug.xcconfig"; path = "Target Support Files/Pods-MYLOG_iOS/Pods-MYLOG_iOS.debug.xcconfig"; sourceTree = "<group>"; };
		A6C13AC8298DB64AB58740A5 /* Pods_MYLOG_iOS.framework */ = {isa = PBXFileReference; explicitFileType = wrapper.framework; includeInIndex = 0; path = Pods_MYLOG_iOS.framework; sourceTree = BUILT_PRODUCTS_DIR; };
/* End PBXFileReference section */

/* Begin PBXFrameworksBuildPhase section */
		3F15CF142A504EF9002DD849 /* Frameworks */ = {
			isa = PBXFrameworksBuildPhase;
			buildActionMask = 2147483647;
			files = (
				9BFCC9E9B4168DDF6576C23A /* Pods_MYLOG_iOS.framework in Frameworks */,
			);
			runOnlyForDeploymentPostprocessing = 0;
		};
/* End PBXFrameworksBuildPhase section */

/* Begin PBXGroup section */
		0D431C2AEFCBC109664BA562 /* Frameworks */ = {
			isa = PBXGroup;
			children = (
				A6C13AC8298DB64AB58740A5 /* Pods_MYLOG_iOS.framework */,
			);
			name = Frameworks;
			sourceTree = "<group>";
		};
		3F15CF0E2A504EF9002DD849 = {
			isa = PBXGroup;
			children = (
				3F15CF192A504EF9002DD849 /* MYLOG_iOS */,
				3F15CF182A504EF9002DD849 /* Products */,
				57A1DC636D9DFBEAF9878DB3 /* Pods */,
				0D431C2AEFCBC109664BA562 /* Frameworks */,
			);
			sourceTree = "<group>";
		};
		3F15CF182A504EF9002DD849 /* Products */ = {
			isa = PBXGroup;
			children = (
				3F15CF172A504EF9002DD849 /* MYLOG_iOS.app */,
			);
			name = Products;
			sourceTree = "<group>";
		};
		3F15CF192A504EF9002DD849 /* MYLOG_iOS */ = {
			isa = PBXGroup;
			children = (
				3F3833FA2A51B57F00798059 /* Chart */,
				3F3833F92A51B57E00798059 /* Home */,
				3F3833FC2A51B57F00798059 /* Interfaces */,
				3F3833FE2A51B57F00798059 /* MyPage */,
				3F3833FF2A51B57F00798059 /* NewDiary */,
				3F3833FD2A51B57F00798059 /* SignIn */,
				3F3833FB2A51B57F00798059 /* Tag */,
				3F15CF1A2A504EF9002DD849 /* MYLOG_iOSApp.swift */,
				3F15CF1C2A504EF9002DD849 /* ContentView.swift */,
				3F15CF1E2A504EFA002DD849 /* Assets.xcassets */,
				3F15CF202A504EFA002DD849 /* Preview Content */,
				3F3833F62A51B44500798059 /* Launch Screen.storyboard */,
			);
			path = MYLOG_iOS;
			sourceTree = "<group>";
		};
		3F15CF202A504EFA002DD849 /* Preview Content */ = {
			isa = PBXGroup;
			children = (
				3F15CF212A504EFA002DD849 /* Preview Assets.xcassets */,
			);
			path = "Preview Content";
			sourceTree = "<group>";
		};
		57A1DC636D9DFBEAF9878DB3 /* Pods */ = {
			isa = PBXGroup;
			children = (
				9E8D2399419F621AA4114271 /* Pods-MYLOG_iOS.debug.xcconfig */,
				7E835344FE29CDBA9D207860 /* Pods-MYLOG_iOS.release.xcconfig */,
			);
			path = Pods;
			sourceTree = "<group>";
		};
/* End PBXGroup section */

/* Begin PBXNativeTarget section */
		3F15CF162A504EF9002DD849 /* MYLOG_iOS */ = {
			isa = PBXNativeTarget;
			buildConfigurationList = 3F15CF252A504EFA002DD849 /* Build configuration list for PBXNativeTarget "MYLOG_iOS" */;
			buildPhases = (
				4BD789D9263AB79ADB908B41 /* [CP] Check Pods Manifest.lock */,
				3F15CF132A504EF9002DD849 /* Sources */,
				3F15CF142A504EF9002DD849 /* Frameworks */,
				3F15CF152A504EF9002DD849 /* Resources */,
				4BDE3B5202DBF85298FB17FE /* [CP] Embed Pods Frameworks */,
			);
			buildRules = (
			);
			dependencies = (
			);
			name = MYLOG_iOS;
			productName = MYLOG_iOS;
			productReference = 3F15CF172A504EF9002DD849 /* MYLOG_iOS.app */;
			productType = "com.apple.product-type.application";
		};
/* End PBXNativeTarget section */

/* Begin PBXProject section */
		3F15CF0F2A504EF9002DD849 /* Project object */ = {
			isa = PBXProject;
			attributes = {
				BuildIndependentTargetsInParallel = 1;
				LastSwiftUpdateCheck = 1430;
				LastUpgradeCheck = 1430;
				TargetAttributes = {
					3F15CF162A504EF9002DD849 = {
						CreatedOnToolsVersion = 14.3;
					};
				};
			};
			buildConfigurationList = 3F15CF122A504EF9002DD849 /* Build configuration list for PBXProject "MYLOG_iOS" */;
			compatibilityVersion = "Xcode 14.0";
			developmentRegion = en;
			hasScannedForEncodings = 0;
			knownRegions = (
				en,
				Base,
			);
			mainGroup = 3F15CF0E2A504EF9002DD849;
			productRefGroup = 3F15CF182A504EF9002DD849 /* Products */;
			projectDirPath = "";
			projectRoot = "";
			targets = (
				3F15CF162A504EF9002DD849 /* MYLOG_iOS */,
			);
		};
/* End PBXProject section */

/* Begin PBXResourcesBuildPhase section */
		3F15CF152A504EF9002DD849 /* Resources */ = {
			isa = PBXResourcesBuildPhase;
			buildActionMask = 2147483647;
			files = (
				3F3833F72A51B44500798059 /* Launch Screen.storyboard in Resources */,
				3F3834022A51B57F00798059 /* Home in Resources */,
				3F15CF222A504EFA002DD849 /* Preview Assets.xcassets in Resources */,
				3F3834082A51B57F00798059 /* NewDiary in Resources */,
				3F3834042A51B57F00798059 /* Tag in Resources */,
				3F3834032A51B57F00798059 /* Chart in Resources */,
				3F3834052A51B57F00798059 /* Interfaces in Resources */,
				3F3834062A51B57F00798059 /* SignIn in Resources */,
				3F3834072A51B57F00798059 /* MyPage in Resources */,
				3F15CF1F2A504EFA002DD849 /* Assets.xcassets in Resources */,
			);
			runOnlyForDeploymentPostprocessing = 0;
		};
/* End PBXResourcesBuildPhase section */

/* Begin PBXShellScriptBuildPhase section */
		4BD789D9263AB79ADB908B41 /* [CP] Check Pods Manifest.lock */ = {
			isa = PBXShellScriptBuildPhase;
			buildActionMask = 2147483647;
			files = (
			);
			inputFileListPaths = (
			);
			inputPaths = (
				"${PODS_PODFILE_DIR_PATH}/Podfile.lock",
				"${PODS_ROOT}/Manifest.lock",
			);
			name = "[CP] Check Pods Manifest.lock";
			outputFileListPaths = (
			);
			outputPaths = (
				"$(DERIVED_FILE_DIR)/Pods-MYLOG_iOS-checkManifestLockResult.txt",
			);
			runOnlyForDeploymentPostprocessing = 0;
			shellPath = /bin/sh;
			shellScript = "diff \"${PODS_PODFILE_DIR_PATH}/Podfile.lock\" \"${PODS_ROOT}/Manifest.lock\" > /dev/null\nif [ $? != 0 ] ; then\n    # print error to STDERR\n    echo \"error: The sandbox is not in sync with the Podfile.lock. Run 'pod install' or update your CocoaPods installation.\" >&2\n    exit 1\nfi\n# This output is used by Xcode 'outputs' to avoid re-running this script phase.\necho \"SUCCESS\" > \"${SCRIPT_OUTPUT_FILE_0}\"\n";
			showEnvVarsInLog = 0;
		};
		4BDE3B5202DBF85298FB17FE /* [CP] Embed Pods Frameworks */ = {
			isa = PBXShellScriptBuildPhase;
			buildActionMask = 2147483647;
			files = (
			);
			inputFileListPaths = (
				"${PODS_ROOT}/Target Support Files/Pods-MYLOG_iOS/Pods-MYLOG_iOS-frameworks-${CONFIGURATION}-input-files.xcfilelist",
			);
			name = "[CP] Embed Pods Frameworks";
			outputFileListPaths = (
				"${PODS_ROOT}/Target Support Files/Pods-MYLOG_iOS/Pods-MYLOG_iOS-frameworks-${CONFIGURATION}-output-files.xcfilelist",
			);
			runOnlyForDeploymentPostprocessing = 0;
			shellPath = /bin/sh;
			shellScript = "\"${PODS_ROOT}/Target Support Files/Pods-MYLOG_iOS/Pods-MYLOG_iOS-frameworks.sh\"\n";
			showEnvVarsInLog = 0;
		};
/* End PBXShellScriptBuildPhase section */

/* Begin PBXSourcesBuildPhase section */
		3F15CF132A504EF9002DD849 /* Sources */ = {
			isa = PBXSourcesBuildPhase;
			buildActionMask = 2147483647;
			files = (
				3F15CF1D2A504EF9002DD849 /* ContentView.swift in Sources */,
				3F15CF1B2A504EF9002DD849 /* MYLOG_iOSApp.swift in Sources */,
			);
			runOnlyForDeploymentPostprocessing = 0;
		};
/* End PBXSourcesBuildPhase section */

/* Begin XCBuildConfiguration section */
		3F15CF232A504EFA002DD849 /* Debug */ = {
			isa = XCBuildConfiguration;
			buildSettings = {
				ALWAYS_SEARCH_USER_PATHS = NO;
				CLANG_ANALYZER_NONNULL = YES;
				CLANG_ANALYZER_NUMBER_OBJECT_CONVERSION = YES_AGGRESSIVE;
				CLANG_CXX_LANGUAGE_STANDARD = "gnu++20";
				CLANG_ENABLE_MODULES = YES;
				CLANG_ENABLE_OBJC_ARC = YES;
				CLANG_ENABLE_OBJC_WEAK = YES;
				CLANG_WARN_BLOCK_CAPTURE_AUTORELEASING = YES;
				CLANG_WARN_BOOL_CONVERSION = YES;
				CLANG_WARN_COMMA = YES;
				CLANG_WARN_CONSTANT_CONVERSION = YES;
				CLANG_WARN_DEPRECATED_OBJC_IMPLEMENTATIONS = YES;
				CLANG_WARN_DIRECT_OBJC_ISA_USAGE = YES_ERROR;
				CLANG_WARN_DOCUMENTATION_COMMENTS = YES;
				CLANG_WARN_EMPTY_BODY = YES;
				CLANG_WARN_ENUM_CONVERSION = YES;
				CLANG_WARN_INFINITE_RECURSION = YES;
				CLANG_WARN_INT_CONVERSION = YES;
				CLANG_WARN_NON_LITERAL_NULL_CONVERSION = YES;
				CLANG_WARN_OBJC_IMPLICIT_RETAIN_SELF = YES;
				CLANG_WARN_OBJC_LITERAL_CONVERSION = YES;
				CLANG_WARN_OBJC_ROOT_CLASS = YES_ERROR;
				CLANG_WARN_QUOTED_INCLUDE_IN_FRAMEWORK_HEADER = YES;
				CLANG_WARN_RANGE_LOOP_ANALYSIS = YES;
				CLANG_WARN_STRICT_PROTOTYPES = YES;
				CLANG_WARN_SUSPICIOUS_MOVE = YES;
				CLANG_WARN_UNGUARDED_AVAILABILITY = YES_AGGRESSIVE;
				CLANG_WARN_UNREACHABLE_CODE = YES;
				CLANG_WARN__DUPLICATE_METHOD_MATCH = YES;
				COPY_PHASE_STRIP = NO;
				DEBUG_INFORMATION_FORMAT = dwarf;
				ENABLE_STRICT_OBJC_MSGSEND = YES;
				ENABLE_TESTABILITY = YES;
				GCC_C_LANGUAGE_STANDARD = gnu11;
				GCC_DYNAMIC_NO_PIC = NO;
				GCC_NO_COMMON_BLOCKS = YES;
				GCC_OPTIMIZATION_LEVEL = 0;
				GCC_PREPROCESSOR_DEFINITIONS = (
					"DEBUG=1",
					"$(inherited)",
				);
				GCC_WARN_64_TO_32_BIT_CONVERSION = YES;
				GCC_WARN_ABOUT_RETURN_TYPE = YES_ERROR;
				GCC_WARN_UNDECLARED_SELECTOR = YES;
				GCC_WARN_UNINITIALIZED_AUTOS = YES_AGGRESSIVE;
				GCC_WARN_UNUSED_FUNCTION = YES;
				GCC_WARN_UNUSED_VARIABLE = YES;
				IPHONEOS_DEPLOYMENT_TARGET = 16.4;
				MTL_ENABLE_DEBUG_INFO = INCLUDE_SOURCE;
				MTL_FAST_MATH = YES;
				ONLY_ACTIVE_ARCH = YES;
				SDKROOT = iphoneos;
				SWIFT_ACTIVE_COMPILATION_CONDITIONS = DEBUG;
				SWIFT_OPTIMIZATION_LEVEL = "-Onone";
			};
			name = Debug;
		};
		3F15CF242A504EFA002DD849 /* Release */ = {
			isa = XCBuildConfiguration;
			buildSettings = {
				ALWAYS_SEARCH_USER_PATHS = NO;
				CLANG_ANALYZER_NONNULL = YES;
				CLANG_ANALYZER_NUMBER_OBJECT_CONVERSION = YES_AGGRESSIVE;
				CLANG_CXX_LANGUAGE_STANDARD = "gnu++20";
				CLANG_ENABLE_MODULES = YES;
				CLANG_ENABLE_OBJC_ARC = YES;
				CLANG_ENABLE_OBJC_WEAK = YES;
				CLANG_WARN_BLOCK_CAPTURE_AUTORELEASING = YES;
				CLANG_WARN_BOOL_CONVERSION = YES;
				CLANG_WARN_COMMA = YES;
				CLANG_WARN_CONSTANT_CONVERSION = YES;
				CLANG_WARN_DEPRECATED_OBJC_IMPLEMENTATIONS = YES;
				CLANG_WARN_DIRECT_OBJC_ISA_USAGE = YES_ERROR;
				CLANG_WARN_DOCUMENTATION_COMMENTS = YES;
				CLANG_WARN_EMPTY_BODY = YES;
				CLANG_WARN_ENUM_CONVERSION = YES;
				CLANG_WARN_INFINITE_RECURSION = YES;
				CLANG_WARN_INT_CONVERSION = YES;
				CLANG_WARN_NON_LITERAL_NULL_CONVERSION = YES;
				CLANG_WARN_OBJC_IMPLICIT_RETAIN_SELF = YES;
				CLANG_WARN_OBJC_LITERAL_CONVERSION = YES;
				CLANG_WARN_OBJC_ROOT_CLASS = YES_ERROR;
				CLANG_WARN_QUOTED_INCLUDE_IN_FRAMEWORK_HEADER = YES;
				CLANG_WARN_RANGE_LOOP_ANALYSIS = YES;
				CLANG_WARN_STRICT_PROTOTYPES = YES;
				CLANG_WARN_SUSPICIOUS_MOVE = YES;
				CLANG_WARN_UNGUARDED_AVAILABILITY = YES_AGGRESSIVE;
				CLANG_WARN_UNREACHABLE_CODE = YES;
				CLANG_WARN__DUPLICATE_METHOD_MATCH = YES;
				COPY_PHASE_STRIP = NO;
				DEBUG_INFORMATION_FORMAT = "dwarf-with-dsym";
				ENABLE_NS_ASSERTIONS = NO;
				ENABLE_STRICT_OBJC_MSGSEND = YES;
				GCC_C_LANGUAGE_STANDARD = gnu11;
				GCC_NO_COMMON_BLOCKS = YES;
				GCC_WARN_64_TO_32_BIT_CONVERSION = YES;
				GCC_WARN_ABOUT_RETURN_TYPE = YES_ERROR;
				GCC_WARN_UNDECLARED_SELECTOR = YES;
				GCC_WARN_UNINITIALIZED_AUTOS = YES_AGGRESSIVE;
				GCC_WARN_UNUSED_FUNCTION = YES;
				GCC_WARN_UNUSED_VARIABLE = YES;
				IPHONEOS_DEPLOYMENT_TARGET = 16.4;
				MTL_ENABLE_DEBUG_INFO = NO;
				MTL_FAST_MATH = YES;
				SDKROOT = iphoneos;
				SWIFT_COMPILATION_MODE = wholemodule;
				SWIFT_OPTIMIZATION_LEVEL = "-O";
				VALIDATE_PRODUCT = YES;
			};
			name = Release;
		};
		3F15CF262A504EFA002DD849 /* Debug */ = {
			isa = XCBuildConfiguration;
			baseConfigurationReference = 9E8D2399419F621AA4114271 /* Pods-MYLOG_iOS.debug.xcconfig */;
			buildSettings = {
				ASSETCATALOG_COMPILER_APPICON_NAME = AppIcon;
				ASSETCATALOG_COMPILER_GLOBAL_ACCENT_COLOR_NAME = AccentColor;
				CODE_SIGN_STYLE = Automatic;
				CURRENT_PROJECT_VERSION = 1;
				DEVELOPMENT_ASSET_PATHS = "\"MYLOG_iOS/Preview Content\"";
				DEVELOPMENT_TEAM = B8B7L582Q4;
				ENABLE_PREVIEWS = YES;
				GENERATE_INFOPLIST_FILE = YES;
				INFOPLIST_KEY_UIApplicationSceneManifest_Generation = YES;
				INFOPLIST_KEY_UIApplicationSupportsIndirectInputEvents = YES;
				INFOPLIST_KEY_UILaunchScreen_Generation = YES;
				INFOPLIST_KEY_UISupportedInterfaceOrientations_iPad = "UIInterfaceOrientationPortrait UIInterfaceOrientationPortraitUpsideDown UIInterfaceOrientationLandscapeLeft UIInterfaceOrientationLandscapeRight";
				INFOPLIST_KEY_UISupportedInterfaceOrientations_iPhone = "UIInterfaceOrientationPortrait UIInterfaceOrientationLandscapeLeft UIInterfaceOrientationLandscapeRight";
				IPHONEOS_DEPLOYMENT_TARGET = 14.7;
				LD_RUNPATH_SEARCH_PATHS = (
					"$(inherited)",
					"@executable_path/Frameworks",
				);
				MARKETING_VERSION = 1.0;
				PRODUCT_BUNDLE_IDENTIFIER = "com.InHyeKang.MYLOG-iOS";
				PRODUCT_NAME = "$(TARGET_NAME)";
				SWIFT_EMIT_LOC_STRINGS = YES;
				SWIFT_VERSION = 5.0;
				TARGETED_DEVICE_FAMILY = "1,2";
			};
			name = Debug;
		};
		3F15CF272A504EFA002DD849 /* Release */ = {
			isa = XCBuildConfiguration;
			baseConfigurationReference = 7E835344FE29CDBA9D207860 /* Pods-MYLOG_iOS.release.xcconfig */;
			buildSettings = {
				ASSETCATALOG_COMPILER_APPICON_NAME = AppIcon;
				ASSETCATALOG_COMPILER_GLOBAL_ACCENT_COLOR_NAME = AccentColor;
				CODE_SIGN_STYLE = Automatic;
				CURRENT_PROJECT_VERSION = 1;
				DEVELOPMENT_ASSET_PATHS = "\"MYLOG_iOS/Preview Content\"";
				DEVELOPMENT_TEAM = B8B7L582Q4;
				ENABLE_PREVIEWS = YES;
				GENERATE_INFOPLIST_FILE = YES;
				INFOPLIST_KEY_UIApplicationSceneManifest_Generation = YES;
				INFOPLIST_KEY_UIApplicationSupportsIndirectInputEvents = YES;
				INFOPLIST_KEY_UILaunchScreen_Generation = YES;
				INFOPLIST_KEY_UISupportedInterfaceOrientations_iPad = "UIInterfaceOrientationPortrait UIInterfaceOrientationPortraitUpsideDown UIInterfaceOrientationLandscapeLeft UIInterfaceOrientationLandscapeRight";
				INFOPLIST_KEY_UISupportedInterfaceOrientations_iPhone = "UIInterfaceOrientationPortrait UIInterfaceOrientationLandscapeLeft UIInterfaceOrientationLandscapeRight";
				IPHONEOS_DEPLOYMENT_TARGET = 14.7;
				LD_RUNPATH_SEARCH_PATHS = (
					"$(inherited)",
					"@executable_path/Frameworks",
				);
				MARKETING_VERSION = 1.0;
				PRODUCT_BUNDLE_IDENTIFIER = "com.InHyeKang.MYLOG-iOS";
				PRODUCT_NAME = "$(TARGET_NAME)";
				SWIFT_EMIT_LOC_STRINGS = YES;
				SWIFT_VERSION = 5.0;
				TARGETED_DEVICE_FAMILY = "1,2";
			};
			name = Release;
		};
/* End XCBuildConfiguration section */

/* Begin XCConfigurationList section */
		3F15CF122A504EF9002DD849 /* Build configuration list for PBXProject "MYLOG_iOS" */ = {
			isa = XCConfigurationList;
			buildConfigurations = (
				3F15CF232A504EFA002DD849 /* Debug */,
				3F15CF242A504EFA002DD849 /* Release */,
			);
			defaultConfigurationIsVisible = 0;
			defaultConfigurationName = Release;
		};
		3F15CF252A504EFA002DD849 /* Build configuration list for PBXNativeTarget "MYLOG_iOS" */ = {
			isa = XCConfigurationList;
			buildConfigurations = (
				3F15CF262A504EFA002DD849 /* Debug */,
				3F15CF272A504EFA002DD849 /* Release */,
			);
			defaultConfigurationIsVisible = 0;
			defaultConfigurationName = Release;
		};
/* End XCConfigurationList section */
	};
	rootObject = 3F15CF0F2A504EF9002DD849 /* Project object */;
}
